
Microsoft Visual Studio Solution File, Format Version 12.00
# Visual Studio 15
VisualStudioVersion = 15.0.26228.4
MinimumVisualStudioVersion = 10.0.40219.1
Project("{9A19103F-16F7-4668-BE54-9A1E7A4F7556}") = "Webpack", "src\Webpack\Webpack.csproj", "{BDF784BE-A020-4C51-8E88-A909363C19BC}"
EndProject
Project("{2150E333-8FDC-42A3-9474-1A3956D46DE8}") = "Samples", "Samples", "{092D760D-AA43-444F-B60F-61F2EFEB7399}"
EndProject
Project("{9A19103F-16F7-4668-BE54-9A1E7A4F7556}") = "Aspnet.Webpack", "samples\Aspnet.Webpack\Aspnet.Webpack.csproj", "{A69CC7B7-E6A6-430D-8D88-E30E6A690AE8}"
EndProject
Project("{9A19103F-16F7-4668-BE54-9A1E7A4F7556}") = "AspnetAngular1.Webpack", "samples\AspnetAngular1.Webpack\AspnetAngular1.Webpack.csproj", "{558C129C-2C04-4142-A0EA-76B339841CF1}"
EndProject
Project("{9A19103F-16F7-4668-BE54-9A1E7A4F7556}") = "AspnetReact.Webpack", "samples\AspnetReact.Webpack\AspnetReact.Webpack.csproj", "{C14D508E-5315-4698-A910-25E26BE51D61}"
EndProject
Global
	GlobalSection(SolutionConfigurationPlatforms) = preSolution
		Debug|Any CPU = Debug|Any CPU
		Release|Any CPU = Release|Any CPU
	EndGlobalSection
	GlobalSection(ProjectConfigurationPlatforms) = postSolution
		{BDF784BE-A020-4C51-8E88-A909363C19BC}.Debug|Any CPU.ActiveCfg = Debug|Any CPU
		{BDF784BE-A020-4C51-8E88-A909363C19BC}.Debug|Any CPU.Build.0 = Debug|Any CPU
		{BDF784BE-A020-4C51-8E88-A909363C19BC}.Release|Any CPU.ActiveCfg = Release|Any CPU
		{BDF784BE-A020-4C51-8E88-A909363C19BC}.Release|Any CPU.Build.0 = Release|Any CPU
		{A69CC7B7-E6A6-430D-8D88-E30E6A690AE8}.Debug|Any CPU.ActiveCfg = Debug|Any CPU
		{A69CC7B7-E6A6-430D-8D88-E30E6A690AE8}.Debug|Any CPU.Build.0 = Debug|Any CPU
		{A69CC7B7-E6A6-430D-8D88-E30E6A690AE8}.Release|Any CPU.ActiveCfg = Release|Any CPU
		{A69CC7B7-E6A6-430D-8D88-E30E6A690AE8}.Release|Any CPU.Build.0 = Release|Any CPU
		{558C129C-2C04-4142-A0EA-76B339841CF1}.Debug|Any CPU.ActiveCfg = Debug|Any CPU
		{558C129C-2C04-4142-A0EA-76B339841CF1}.Debug|Any CPU.Build.0 = Debug|Any CPU
		{558C129C-2C04-4142-A0EA-76B339841CF1}.Release|Any CPU.ActiveCfg = Release|Any CPU
		{558C129C-2C04-4142-A0EA-76B339841CF1}.Release|Any CPU.Build.0 = Release|Any CPU
		{C14D508E-5315-4698-A910-25E26BE51D61}.Debug|Any CPU.ActiveCfg = Debug|Any CPU
		{C14D508E-5315-4698-A910-25E26BE51D61}.Debug|Any CPU.Build.0 = Debug|Any CPU
		{C14D508E-5315-4698-A910-25E26BE51D61}.Release|Any CPU.ActiveCfg = Release|Any CPU
		{C14D508E-5315-4698-A910-25E26BE51D61}.Release|Any CPU.Build.0 = Release|Any CPU
	EndGlobalSection
	GlobalSection(SolutionProperties) = preSolution
		HideSolutionNode = FALSE
	EndGlobalSection
	GlobalSection(NestedProjects) = preSolution
		{A69CC7B7-E6A6-430D-8D88-E30E6A690AE8} = {092D760D-AA43-444F-B60F-61F2EFEB7399}
		{558C129C-2C04-4142-A0EA-76B339841CF1} = {092D760D-AA43-444F-B60F-61F2EFEB7399}
		{C14D508E-5315-4698-A910-25E26BE51D61} = {092D760D-AA43-444F-B60F-61F2EFEB7399}
	EndGlobalSection
EndGlobal
